# THIS IS AN AUTOGENERATED FILE. DO NOT EDIT THIS FILE DIRECTLY.
# yarn lockfile v1


"@ant-design/colors@^5.0.0":
  version "5.0.1"
  resolved "https://registry.yarnpkg.com/@ant-design/colors/-/colors-5.0.1.tgz#09670f2f44a7473d7bc01be901c48ec10f12c7a4"
  integrity sha512-x1TUaRILaqy3zgFNo+kIqOa3eTYPt81H1/3E4dCjDP4Qvk/xaPEizLDFdRUcIx0cWwyu2LklwfyLHWpbYK8v6A==
  dependencies:
    "@ctrl/tinycolor" "^3.3.1"

"@ant-design/icons-svg@^4.0.0":
  version "4.1.0"
  resolved "https://registry.yarnpkg.com/@ant-design/icons-svg/-/icons-svg-4.1.0.tgz#480b025f4b20ef7fe8f47d4a4846e4fee84ea06c"
  integrity sha512-Fi03PfuUqRs76aI3UWYpP864lkrfPo0hluwGqh7NJdLhvH4iRDc3jbJqZIvRDLHKbXrvAfPPV3+zjUccfFvWOQ==

"@ant-design/icons@^4.2.2", "@ant-design/icons@^4.3.0":
  version "4.3.0"
  resolved "https://registry.yarnpkg.com/@ant-design/icons/-/icons-4.3.0.tgz#420e0cd527486c0fe57f81310d681950fc4cfacf"
  integrity sha512-UoIbw4oz/L/msbkgqs2nls2KP7XNKScOxVR54wRrWwnXOzJaGNwwSdYjHQz+5ETf8C53YPpzMOnRX99LFCdeIQ==
  dependencies:
    "@ant-design/colors" "^5.0.0"
    "@ant-design/icons-svg" "^4.0.0"
    "@babel/runtime" "^7.11.2"
    classnames "^2.2.6"
    insert-css "^2.0.0"
    rc-util "^5.0.1"

"@ant-design/react-slick@~0.27.0":
  version "0.27.14"
  resolved "https://registry.yarnpkg.com/@ant-design/react-slick/-/react-slick-0.27.14.tgz#a1082c4734e57c7ba9c41d035375f5bf577f3b5e"
  integrity sha512-s6JVexqFmU5rs5Pm828ojtm5rCp8jDXyrc5OxEtCE2z58SIyQlkpnU9BJh98LEeBZyj02WFkGN8CWpSaD+G4PA==
  dependencies:
    "@babel/runtime" "^7.10.4"
    classnames "^2.2.5"
    json2mq "^0.2.0"
    lodash "^4.17.15"
    resize-observer-polyfill "^1.5.0"

"@babel/helper-plugin-utils@^7.8.0":
  version "7.10.4"
  resolved "https://registry.yarnpkg.com/@babel/helper-plugin-utils/-/helper-plugin-utils-7.10.4.tgz#2f75a831269d4f677de49986dff59927533cf375"
  integrity sha512-O4KCvQA6lLiMU9l2eawBPMf1xPP8xPfB3iEQw150hOVTqj/rfXz0ThTb4HEzqQfs2Bmo5Ay8BzxfzVtBrr9dVg==

"@babel/plugin-syntax-object-rest-spread@^7.8.3":
  version "7.8.3"
  resolved "https://registry.yarnpkg.com/@babel/plugin-syntax-object-rest-spread/-/plugin-syntax-object-rest-spread-7.8.3.tgz#60e225edcbd98a640332a2e72dd3e66f1af55871"
  integrity sha512-XoqMijGZb9y3y2XskN+P1wUGiVwWZ5JmoDRwx5+3GmEplNyVM2s2Dg8ILFQm8rWM48orGy5YpI5Bl8U1y7ydlA==
  dependencies:
    "@babel/helper-plugin-utils" "^7.8.0"

"@babel/runtime@^7.10.1", "@babel/runtime@^7.10.2", "@babel/runtime@^7.10.4", "@babel/runtime@^7.11.1", "@babel/runtime@^7.11.2", "@babel/runtime@^7.12.5", "@babel/runtime@^7.8.4":
  version "7.12.5"
  resolved "https://registry.yarnpkg.com/@babel/runtime/-/runtime-7.12.5.tgz#410e7e487441e1b360c29be715d870d9b985882e"
  integrity sha512-plcc+hbExy3McchJCEQG3knOsuh3HH+Prx1P6cLIkET/0dLuQDEnrT+s27Axgc9bqfsmNUNHfscgMUdBpC9xfg==
  dependencies:
    regenerator-runtime "^0.13.4"

"@ctrl/tinycolor@^3.3.1":
  version "3.3.1"
  resolved "https://registry.yarnpkg.com/@ctrl/tinycolor/-/tinycolor-3.3.1.tgz#fa0efcf813daa43f8a6aef3ddaa80f7e66f1278e"
  integrity sha512-jUJrjU62MUgHDSu5JfONfgRM2V7GfN5KknsygfIbxwRZXGeayIzxk4O9GiYgEAr9DG5HJThTF5+a5x3wtrOKzQ==

antd@^4.10.0:
  version "4.10.0"
  resolved "https://registry.yarnpkg.com/antd/-/antd-4.10.0.tgz#1d73c94ec11105d90b374be6975c2a257d34340c"
  integrity sha512-oQzepLdZEDc+6TENe/izGthKlCVf3S35mMlZiPybe6kkwmznbNi8Ev6c73xrXrHwdB9rwlwOsMqQs0/VwAz0AA==
  dependencies:
    "@ant-design/colors" "^5.0.0"
    "@ant-design/icons" "^4.3.0"
    "@ant-design/react-slick" "~0.27.0"
    "@babel/runtime" "^7.11.2"
    array-tree-filter "^2.1.0"
    classnames "^2.2.6"
    copy-to-clipboard "^3.2.0"
    lodash "^4.17.20"
    moment "^2.25.3"
    omit.js "^2.0.2"
    rc-cascader "~1.4.0"
    rc-checkbox "~2.3.0"
    rc-collapse "~3.1.0"
    rc-dialog "~8.4.0"
    rc-drawer "~4.1.0"
    rc-dropdown "~3.2.0"
    rc-field-form "~1.17.3"
    rc-image "~4.5.0"
    rc-input-number "~6.1.0"
    rc-mentions "~1.5.0"
    rc-menu "~8.10.0"
    rc-motion "^2.4.0"
    rc-notification "~4.5.2"
    rc-pagination "~3.1.2"
    rc-picker "~2.5.1"
    rc-progress "~3.1.0"
    rc-rate "~2.9.0"
    rc-resize-observer "^1.0.0"
    rc-select "~12.0.0"
    rc-slider "~9.7.1"
    rc-steps "~4.1.0"
    rc-switch "~3.2.0"
    rc-table "~7.12.0"
    rc-tabs "~11.7.0"
    rc-textarea "~0.3.0"
    rc-tooltip "~5.0.0"
    rc-tree "~4.1.0"
    rc-tree-select "~4.3.0"
    rc-upload "~3.3.4"
    rc-util "^5.1.0"
    scroll-into-view-if-needed "^2.2.25"
    warning "^4.0.3"

array-tree-filter@^2.1.0:
  version "2.1.0"
  resolved "https://registry.yarnpkg.com/array-tree-filter/-/array-tree-filter-2.1.0.tgz#873ac00fec83749f255ac8dd083814b4f6329190"
  integrity sha512-4ROwICNlNw/Hqa9v+rk5h22KjmzB1JGTMVKP2AKJBOCgb0yL0ASf0+YvCcLNNwquOHNX48jkeZIJ3a+oOQqKcw==

async-validator@^3.0.3:
  version "3.5.1"
  resolved "https://registry.yarnpkg.com/async-validator/-/async-validator-3.5.1.tgz#cd62b9688b2465f48420e27adb47760ab1b5559f"
  integrity sha512-DDmKA7sdSAJtTVeNZHrnr2yojfFaoeW8MfQN8CeuXg8DDQHTqKk9Fdv38dSvnesHoO8MUwMI2HphOeSyIF+wmQ==

classnames@2.x, classnames@^2.2.1, classnames@^2.2.3, classnames@^2.2.5, classnames@^2.2.6:
  version "2.2.6"
  resolved "https://registry.yarnpkg.com/classnames/-/classnames-2.2.6.tgz#43935bffdd291f326dad0a205309b38d00f650ce"
  integrity sha512-JR/iSQOSt+LQIWwrwEzJ9uk0xfN3mTVYMwt1Ir5mUcSN6pU+V4zQFFaJsclJbPuAUQH+yfWef6tm7l1quW3C8Q==

compute-scroll-into-view@^1.0.16:
  version "1.0.16"
  resolved "https://registry.yarnpkg.com/compute-scroll-into-view/-/compute-scroll-into-view-1.0.16.tgz#5b7bf4f7127ea2c19b750353d7ce6776a90ee088"
  integrity sha512-a85LHKY81oQnikatZYA90pufpZ6sQx++BoCxOEMsjpZx+ZnaKGQnCyCehTRr/1p9GBIAHTjcU9k71kSYWloLiQ==

copy-to-clipboard@^3.2.0:
  version "3.3.1"
  resolved "https://registry.yarnpkg.com/copy-to-clipboard/-/copy-to-clipboard-3.3.1.tgz#115aa1a9998ffab6196f93076ad6da3b913662ae"
  integrity sha512-i13qo6kIHTTpCm8/Wup+0b1mVWETvu2kIMzKoK8FpkLkFxlt0znUAHcMzox+T8sPlqtZXq3CulEjQHsYiGFJUw==
  dependencies:
    toggle-selection "^1.0.6"

date-fns@^2.15.0:
  version "2.16.1"
  resolved "https://registry.yarnpkg.com/date-fns/-/date-fns-2.16.1.tgz#05775792c3f3331da812af253e1a935851d3834b"
  integrity sha512-sAJVKx/FqrLYHAQeN7VpJrPhagZc9R4ImZIWYRFZaaohR3KzmuK88touwsSwSVT8Qcbd4zoDsnGfX4GFB4imyQ==

dayjs@^1.8.30:
  version "1.10.2"
  resolved "https://registry.yarnpkg.com/dayjs/-/dayjs-1.10.2.tgz#8f3a424ceb944a8193506804b0045a773d2d0672"
  integrity sha512-h/YtykNNTR8Qgtd1Fxl5J1/SFP1b7SOk/M1P+Re+bCdFMV0IMkuKNgHPN7rlvvuhfw24w0LX78iYKt4YmePJNQ==

dom-align@^1.7.0:
  version "1.12.0"
  resolved "https://registry.yarnpkg.com/dom-align/-/dom-align-1.12.0.tgz#56fb7156df0b91099830364d2d48f88963f5a29c"
  integrity sha512-YkoezQuhp3SLFGdOlr5xkqZ640iXrnHAwVYcDg8ZKRUtO7mSzSC2BA5V0VuyAwPSJA4CLIc6EDDJh4bEsD2+zA==

hoist-non-react-statics@^3.3.2:
  version "3.3.2"
  resolved "https://registry.yarnpkg.com/hoist-non-react-statics/-/hoist-non-react-statics-3.3.2.tgz#ece0acaf71d62c2969c2ec59feff42a4b1a85b45"
  integrity sha512-/gGivxi8JPKWNm/W0jSmzcMPpfpPLc3dY/6GxhX2hQ9iGj3aDfklV4ET7NjKpSinLpJ5vafa9iiGIEZg10SfBw==
  dependencies:
    react-is "^16.7.0"

insert-css@^2.0.0:
  version "2.0.0"
  resolved "https://registry.yarnpkg.com/insert-css/-/insert-css-2.0.0.tgz#eb5d1097b7542f4c79ea3060d3aee07d053880f4"
  integrity sha1-610Ql7dUL0x56jBg067gfQU4gPQ=

"js-tokens@^3.0.0 || ^4.0.0":
  version "4.0.0"
  resolved "https://registry.yarnpkg.com/js-tokens/-/js-tokens-4.0.0.tgz#19203fb59991df98e3a287050d4647cdeaf32499"
  integrity sha512-RdJUflcE3cUzKiMqQgsCu06FPu9UdIJO0beYbPhHN4k6apgJtifcoCtT9bcxOpYBtpD2kCM6Sbzg4CausW/PKQ==

json2mq@^0.2.0:
  version "0.2.0"
  resolved "https://registry.yarnpkg.com/json2mq/-/json2mq-0.2.0.tgz#b637bd3ba9eabe122c83e9720483aeb10d2c904a"
  integrity sha1-tje9O6nqvhIsg+lyBIOusQ0skEo=
  dependencies:
    string-convert "^0.2.0"

lodash@^4.17.15, lodash@^4.17.20:
  version "4.17.20"
  resolved "https://registry.yarnpkg.com/lodash/-/lodash-4.17.20.tgz#b44a9b6297bcb698f1c51a3545a2b3b368d59c52"
  integrity sha512-PlhdFcillOINfeV7Ni6oF1TAEayyZBoZ8bcshTHqOYJYlrqzRK5hagpagky5o4HfCzzd1TRkXPMFq6cKk9rGmA==

loose-envify@^1.0.0, loose-envify@^1.4.0:
  version "1.4.0"
  resolved "https://registry.yarnpkg.com/loose-envify/-/loose-envify-1.4.0.tgz#71ee51fa7be4caec1a63839f7e682d8132d30caf"
  integrity sha512-lyuxPGr/Wfhrlem2CL/UcnUc1zcqKAImBDzukY7Y5F/yQiNdko6+fRLevlw1HgMySw7f611UIY408EtxRSoK3Q==
  dependencies:
    js-tokens "^3.0.0 || ^4.0.0"

mini-store@^3.0.1:
  version "3.0.6"
  resolved "https://registry.yarnpkg.com/mini-store/-/mini-store-3.0.6.tgz#44b86be5b2877271224ce0689b3a35a2dffb1ca9"
  integrity sha512-YzffKHbYsMQGUWQRKdsearR79QsMzzJcDDmZKlJBqt5JNkqpyJHYlK6gP61O36X+sLf76sO9G6mhKBe83gIZIQ==
  dependencies:
    hoist-non-react-statics "^3.3.2"
    shallowequal "^1.0.2"

moment@^2.24.0, moment@^2.25.3:
  version "2.29.1"
  resolved "https://registry.yarnpkg.com/moment/-/moment-2.29.1.tgz#b2be769fa31940be9eeea6469c075e35006fa3d3"
  integrity sha512-kHmoybcPV8Sqy59DwNDY3Jefr64lK/by/da0ViFcuA4DH0vQg5Q6Ze5VimxkfQNSC+Mls/Kx53s7TjP1RhFEDQ==

object-assign@^4.1.1:
  version "4.1.1"
  resolved "https://registry.yarnpkg.com/object-assign/-/object-assign-4.1.1.tgz#2109adc7965887cfc05cbbd442cac8bfbb360863"
  integrity sha1-IQmtx5ZYh8/AXLvUQsrIv7s2CGM=

omit.js@^2.0.0, omit.js@^2.0.2:
  version "2.0.2"
  resolved "https://registry.yarnpkg.com/omit.js/-/omit.js-2.0.2.tgz#dd9b8436fab947a5f3ff214cb2538631e313ec2f"
  integrity sha512-hJmu9D+bNB40YpL9jYebQl4lsTW6yEHRTroJzNLqQJYHm7c+NQnJGfZmIWh8S3q3KoaxV1aLhV6B3+0N0/kyJg==

opencv-react@0.0.4:
  version "0.0.4"
  resolved "https://registry.yarnpkg.com/opencv-react/-/opencv-react-0.0.4.tgz#dbb7e11b02bb7fc8cdfccda038649010eba6ca2b"
  integrity sha512-3fbfYIlSWzu9lfhMMq5WKhZtuNiBhzt/+VqUHmQOSyk2/wIK5a3R4KMnqJZMIHvYlyvoUJml79p0rC8sSg3cfQ==

prop-types@^15.6.0, prop-types@^15.7.2:
  version "15.7.2"
  resolved "https://registry.yarnpkg.com/prop-types/-/prop-types-15.7.2.tgz#52c41e75b8c87e72b9d9360e0206b99dcbffa6c5"
  integrity sha512-8QQikdH7//R2vurIJSutZ1smHYTcLpRWEOlHnzcWHmBYrOGUysKwSsrC89BCiFj3CbrfJ/nXFdJepOVrY1GCHQ==
  dependencies:
    loose-envify "^1.4.0"
    object-assign "^4.1.1"
    react-is "^16.8.1"

rc-align@^4.0.0:
  version "4.0.9"
  resolved "https://registry.yarnpkg.com/rc-align/-/rc-align-4.0.9.tgz#46d8801c4a139ff6a65ad1674e8efceac98f85f2"
  integrity sha512-myAM2R4qoB6LqBul0leaqY8gFaiECDJ3MtQDmzDo9xM9NRT/04TvWOYd2YHU9zvGzqk9QXF6S9/MifzSKDZeMw==
  dependencies:
    "@babel/runtime" "^7.10.1"
    classnames "2.x"
    dom-align "^1.7.0"
    rc-util "^5.3.0"
    resize-observer-polyfill "^1.5.1"

rc-cascader@~1.4.0:
  version "1.4.2"
  resolved "https://registry.yarnpkg.com/rc-cascader/-/rc-cascader-1.4.2.tgz#caa81098e3ef4d5f823f9156f6d8d6dbd6321afa"
  integrity sha512-JVuLGrSi+3G8DZyPvlKlGVWJjhoi9NTz6REHIgRspa5WnznRkKGm2ejb0jJtz0m2IL8Q9BG4ZA2sXuqAu71ltQ==
  dependencies:
    "@babel/runtime" "^7.12.5"
    array-tree-filter "^2.1.0"
    rc-trigger "^5.0.4"
    rc-util "^5.0.1"
    warning "^4.0.1"

rc-checkbox@~2.3.0:
  version "2.3.2"
  resolved "https://registry.yarnpkg.com/rc-checkbox/-/rc-checkbox-2.3.2.tgz#f91b3678c7edb2baa8121c9483c664fa6f0aefc1"
  integrity sha512-afVi1FYiGv1U0JlpNH/UaEXdh6WUJjcWokj/nUN2TgG80bfG+MDdbfHKlLcNNba94mbjy2/SXJ1HDgrOkXGAjg==
  dependencies:
    "@babel/runtime" "^7.10.1"
    classnames "^2.2.1"

rc-collapse@~3.1.0:
  version "3.1.0"
  resolved "https://registry.yarnpkg.com/rc-collapse/-/rc-collapse-3.1.0.tgz#4ce5e612568c5fbeaf368cc39214471c1461a1a1"
  integrity sha512-EwpNPJcLe7b+5JfyaxM9ZNnkCgqArt3QQO0Cr5p5plwz/C9h8liAmjYY5I4+hl9lAjBqb7ZwLu94+z+rt5g1WQ==
  dependencies:
    "@babel/runtime" "^7.10.1"
    classnames "2.x"
    rc-motion "^2.3.4"
    rc-util "^5.2.1"
    shallowequal "^1.1.0"

rc-dialog@~8.4.0:
  version "8.4.6"
  resolved "https://registry.yarnpkg.com/rc-dialog/-/rc-dialog-8.4.6.tgz#6a0ff815539b68e705cb9d2fc940a381039d113f"
  integrity sha512-tTWp54h4zoCNoZFtTz+z1pOQYZCMsYazVEmHXJxWGOr3TgZmL/j9Wl81oKXW5PfqQ5g5JJjbUdKf72n+V+uvwA==
  dependencies:
    "@babel/runtime" "^7.10.1"
    classnames "^2.2.6"
    rc-motion "^2.3.0"
    rc-util "^5.0.1"

rc-drawer@~4.1.0:
  version "4.1.0"
  resolved "https://registry.yarnpkg.com/rc-drawer/-/rc-drawer-4.1.0.tgz#d7bf0bc030300b62d282bc04e053b9acad6b08b4"
  integrity sha512-kjeQFngPjdzAFahNIV0EvEBoIKMOnvUsAxpkSPELoD/1DuR4nLafom5ryma+TIxGwkFJ92W6yjsMi1U9aiOTeQ==
  dependencies:
    "@babel/runtime" "^7.10.1"
    classnames "^2.2.6"
    rc-util "^5.0.1"

rc-dropdown@^3.1.3, rc-dropdown@~3.2.0:
  version "3.2.0"
  resolved "https://registry.yarnpkg.com/rc-dropdown/-/rc-dropdown-3.2.0.tgz#da6c2ada403842baee3a9e909a0b1a91ba3e1090"
  integrity sha512-j1HSw+/QqlhxyTEF6BArVZnTmezw2LnSmRk6I9W7BCqNCKaRwleRmMMs1PHbuaG8dKHVqP6e21RQ7vPBLVnnNw==
  dependencies:
    "@babel/runtime" "^7.10.1"
    classnames "^2.2.6"
    rc-trigger "^5.0.4"

rc-field-form@~1.17.3:
  version "1.17.3"
  resolved "https://registry.yarnpkg.com/rc-field-form/-/rc-field-form-1.17.3.tgz#593d31c51071d4f6ba40d73b9f8018848230577c"
  integrity sha512-EocLncL7uDkxAGywqbtDXe6r8xbru9Yz94JHY7X6XsIdc8sAIGzafMYFaX0hHuwBGbvo7mv7L74cGCuD7xK5Fw==
  dependencies:
    "@babel/runtime" "^7.8.4"
    async-validator "^3.0.3"
    rc-util "^5.0.0"

rc-image@~4.5.0:
  version "4.5.0"
  resolved "https://registry.yarnpkg.com/rc-image/-/rc-image-4.5.0.tgz#d4c8f2e3f60842299fb3b1bcef9dbcd42d4afe76"
  integrity sha512-q4P6vqWdOtpP9sELLA4EWhSQ11mIu4DQhHPO/vGesfA940HyovA3sDzL0kwz0O7ZD5hy/OaSU/fyRdXigO95EA==
  dependencies:
    "@ant-design/icons" "^4.2.2"
    "@babel/runtime" "^7.11.2"
    classnames "^2.2.6"
    rc-dialog "~8.4.0"
    rc-util "^5.0.6"

rc-input-number@~6.1.0:
  version "6.1.2"
  resolved "https://registry.yarnpkg.com/rc-input-number/-/rc-input-number-6.1.2.tgz#6663eda0ae6b75e464e63df375d29308cebb0ed8"
  integrity sha512-UvP0tpOUeGetx6caS8RzBs3Du+NwPUn9ijQ3LeR1jOmzjXNuXvv58U6hvIXSHx/4ulPleQ5BAQP/aLTsFB4yGw==
  dependencies:
    "@babel/runtime" "^7.10.1"
    classnames "^2.2.5"
    rc-util "^5.0.1"

rc-mentions@~1.5.0:
  version "1.5.2"
  resolved "https://registry.yarnpkg.com/rc-mentions/-/rc-mentions-1.5.2.tgz#94559a369de73e7cc92f343badaf94499fb410a7"
  integrity sha512-GqV0tOtHY3pLpOsFCxJ2i6Ad8AVfxFmz0NlD/8rb8IG8pMpthJKcdfnXlNZRx3Fa9O4YEgJpdSY1WEbmlx2DWQ==
  dependencies:
    "@babel/runtime" "^7.10.1"
    classnames "^2.2.6"
    rc-menu "^8.0.1"
    rc-textarea "^0.3.0"
    rc-trigger "^5.0.4"
    rc-util "^5.0.1"

rc-menu@^8.0.1, rc-menu@^8.6.1, rc-menu@~8.10.0:
  version "8.10.2"
  resolved "https://registry.yarnpkg.com/rc-menu/-/rc-menu-8.10.2.tgz#c5ef5f8e90a63aa68dac593f14d6bbd1c742c9ee"
  integrity sha512-esYb3FLm4PT7YqxNEWSpRbBO+NCMGacWUx+5hHzXWjUB7UuRg4GEqkgDHyokGNk0WDat6V9JsmgAMN5qNY4NPA==
  dependencies:
    "@babel/runtime" "^7.10.1"
    classnames "2.x"
    mini-store "^3.0.1"
    omit.js "^2.0.0"
    rc-motion "^2.0.1"
    rc-trigger "^5.1.2"
    rc-util "^5.5.0"
    resize-observer-polyfill "^1.5.0"
    shallowequal "^1.1.0"

rc-motion@^2.0.0, rc-motion@^2.0.1, rc-motion@^2.2.0, rc-motion@^2.3.0, rc-motion@^2.3.4, rc-motion@^2.4.0:
  version "2.4.1"
  resolved "https://registry.yarnpkg.com/rc-motion/-/rc-motion-2.4.1.tgz#323f47c8635e6b2bc0cba2dfad25fc415b58e1dc"
  integrity sha512-TWLvymfMu8SngPx5MDH8dQ0D2RYbluNTfam4hY/dNNx9RQ3WtGuZ/GXHi2ymLMzH+UNd6EEFYkOuR5JTTtm8Xg==
  dependencies:
    "@babel/runtime" "^7.11.1"
    classnames "^2.2.1"
    rc-util "^5.2.1"

rc-notification@~4.5.2:
  version "4.5.4"
  resolved "https://registry.yarnpkg.com/rc-notification/-/rc-notification-4.5.4.tgz#1292e163003db4b9162c856a4630e5d0f1359356"
  integrity sha512-VsN0ouF4uglE5g3C9oDsXLNYX0Sz++ZNUFYCswkxhpImYJ9u6nJOpyA71uOYDVCu6bAF54Y5Hi/b+EcnMzkepg==
  dependencies:
    "@babel/runtime" "^7.10.1"
    classnames "2.x"
    rc-motion "^2.2.0"
    rc-util "^5.0.1"

rc-overflow@^1.0.0:
  version "1.0.2"
  resolved "https://registry.yarnpkg.com/rc-overflow/-/rc-overflow-1.0.2.tgz#f56bcd920029979989f576d55084b81f9632c19c"
  integrity sha512-GXj4DAyNxm4f57LvXLwhJaZoJHzSge2l2lQq64MZP7NJAfLpQqOLD+v9JMV9ONTvDPZe8kdzR+UMmkAn7qlzFA==
  dependencies:
    "@babel/runtime" "^7.11.1"
    classnames "^2.2.1"
    rc-resize-observer "^1.0.0"
    rc-util "^5.5.1"

rc-pagination@~3.1.2:
  version "3.1.3"
  resolved "https://registry.yarnpkg.com/rc-pagination/-/rc-pagination-3.1.3.tgz#afd779839fefab2cb14248d5e7b74027960bb48b"
  integrity sha512-Z7CdC4xGkedfAwcUHPtfqNhYwVyDgkmhkvfsmoByCOwAd89p42t5O5T3ORar1wRmVWf3jxk/Bf4k0atenNvlFA==
  dependencies:
    "@babel/runtime" "^7.10.1"
    classnames "^2.2.1"

rc-picker@~2.5.1:
  version "2.5.2"
  resolved "https://registry.yarnpkg.com/rc-picker/-/rc-picker-2.5.2.tgz#36d91b8cdddbf8b2474af29c2853b77502a7fb01"
  integrity sha512-rQLgvjyFrxjiWlR+Q7CyXdTOP/gHbiXlBca7irOtuEb6HMRLdm+/OfIB7xaaPHgdkv1ZOsxCk8zCEX6j0qf24g==
  dependencies:
    "@babel/runtime" "^7.10.1"
    classnames "^2.2.1"
    date-fns "^2.15.0"
    dayjs "^1.8.30"
    moment "^2.24.0"
    rc-trigger "^5.0.4"
    rc-util "^5.4.0"
    shallowequal "^1.1.0"

rc-progress@~3.1.0:
  version "3.1.3"
  resolved "https://registry.yarnpkg.com/rc-progress/-/rc-progress-3.1.3.tgz#d77d8fd26d9d948d72c2a28b64b71a6e86df2426"
  integrity sha512-Jl4fzbBExHYMoC6HBPzel0a9VmhcSXx24LVt/mdhDM90MuzoMCJjXZAlhA0V0CJi+SKjMhfBoIQ6Lla1nD4QNw==
  dependencies:
    "@babel/runtime" "^7.10.1"
    classnames "^2.2.6"

rc-rate@~2.9.0:
  version "2.9.1"
  resolved "https://registry.yarnpkg.com/rc-rate/-/rc-rate-2.9.1.tgz#e43cb95c4eb90a2c1e0b16ec6614d8c43530a731"
  integrity sha512-MmIU7FT8W4LYRRHJD1sgG366qKtSaKb67D0/vVvJYR0lrCuRrCiVQ5qhfT5ghVO4wuVIORGpZs7ZKaYu+KMUzA==
  dependencies:
    "@babel/runtime" "^7.10.1"
    classnames "^2.2.5"
    rc-util "^5.0.1"

rc-resize-observer@^1.0.0:
  version "1.0.0"
  resolved "https://registry.yarnpkg.com/rc-resize-observer/-/rc-resize-observer-1.0.0.tgz#97fb89856f62fec32ab6e40933935cf58e2e102d"
  integrity sha512-RgKGukg1mlzyGdvzF7o/LGFC8AeoMH9aGzXTUdp6m+OApvmRdUuOscq/Y2O45cJA+rXt1ApWlpFoOIioXL3AGg==
  dependencies:
    "@babel/runtime" "^7.10.1"
    classnames "^2.2.1"
    rc-util "^5.0.0"
    resize-observer-polyfill "^1.5.1"

rc-select@^12.0.0:
  version "12.1.0"
  resolved "https://registry.yarnpkg.com/rc-select/-/rc-select-12.1.0.tgz#8da89528ea4132c71208f953a7e75ea1cd4f8bdf"
  integrity sha512-e4WTEwnl1Hg2t8sjFPPCk4SekCf6Thqk6Q+zGKB7gT8lHFHJ4cEnrqs8ntYZkkot1YtjmS67LbE80zq+JHHdTA==
  dependencies:
    "@babel/runtime" "^7.10.1"
    classnames "2.x"
    rc-motion "^2.0.1"
    rc-overflow "^1.0.0"
    rc-trigger "^5.0.4"
    rc-util "^5.0.1"
    rc-virtual-list "^3.2.0"

rc-select@~12.0.0:
  version "12.0.4"
  resolved "https://registry.yarnpkg.com/rc-select/-/rc-select-12.0.4.tgz#7322d40f687d0a327a288a2d15319dac08fd419a"
  integrity sha512-WKoJmihXcrY3Ga52//CI1d0078AE4EaIWM8kXoKxrstAEFFryHtcbw6pEvY/TYCjtnWE6rEsFVblFSFgyPAFDQ==
  dependencies:
    "@babel/runtime" "^7.10.1"
    classnames "2.x"
    rc-motion "^2.0.1"
    rc-overflow "^1.0.0"
    rc-trigger "^5.0.4"
    rc-util "^5.0.1"
    rc-virtual-list "^3.2.0"

rc-slider@~9.7.1:
  version "9.7.1"
  resolved "https://registry.yarnpkg.com/rc-slider/-/rc-slider-9.7.1.tgz#63535177a74a3ee44f090909e8c6f98426eb9dba"
  integrity sha512-r9r0dpFA3PEvxBhIfVi1lVzxuSogWxeY+tGvi2AqMM1rPgaOXQ7WbtT+9kVFkJ9K8TntA/vYPgiCCKfN29KTkw==
  dependencies:
    "@babel/runtime" "^7.10.1"
    classnames "^2.2.5"
    rc-tooltip "^5.0.1"
    rc-util "^5.0.0"
    shallowequal "^1.1.0"

rc-steps@~4.1.0:
  version "4.1.3"
  resolved "https://registry.yarnpkg.com/rc-steps/-/rc-steps-4.1.3.tgz#208580e22db619e3830ddb7fa41bc886c65d9803"
  integrity sha512-GXrMfWQOhN3sVze3JnzNboHpQdNHcdFubOETUHyDpa/U3HEKBZC3xJ8XK4paBgF4OJ3bdUVLC+uBPc6dCxvDYA==
  dependencies:
    "@babel/runtime" "^7.10.2"
    classnames "^2.2.3"
    rc-util "^5.0.1"

rc-switch@~3.2.0:
  version "3.2.2"
  resolved "https://registry.yarnpkg.com/rc-switch/-/rc-switch-3.2.2.tgz#d001f77f12664d52595b4f6fb425dd9e66fba8e8"
  integrity sha512-+gUJClsZZzvAHGy1vZfnwySxj+MjLlGRyXKXScrtCTcmiYNPzxDFOxdQ/3pK1Kt/0POvwJ/6ALOR8gwdXGhs+A==
  dependencies:
    "@babel/runtime" "^7.10.1"
    classnames "^2.2.1"
    rc-util "^5.0.1"

rc-table@~7.12.0:
  version "7.12.3"
  resolved "https://registry.yarnpkg.com/rc-table/-/rc-table-7.12.3.tgz#c86e93b40dc3e2b8aae9e54ad7aa5a64ff7d261e"
  integrity sha512-R87lx28os4Ftm/9x+MamwzLw+Dtp9yxihceAgLA/9JS9QP/sqej1qlO+3T/Uw4paZqCg9SpW0XzLI1MandviWA==
  dependencies:
    "@babel/runtime" "^7.10.1"
    classnames "^2.2.5"
    rc-resize-observer "^1.0.0"
    rc-util "^5.4.0"
    shallowequal "^1.1.0"

rc-tabs@~11.7.0:
  version "11.7.3"
  resolved "https://registry.yarnpkg.com/rc-tabs/-/rc-tabs-11.7.3.tgz#32a30e59c6992d60fb58115ba0bf2652b337ed43"
  integrity sha512-5nd2NVss9TprPRV9r8N05SjQyAE7zDrLejxFLcbJ+BdLxSwnGnk3ws/Iq0smqKZUnPQC0XEvnpF3+zlllUUT2w==
  dependencies:
    "@babel/runtime" "^7.11.2"
    classnames "2.x"
    rc-dropdown "^3.1.3"
    rc-menu "^8.6.1"
    rc-resize-observer "^1.0.0"
    rc-util "^5.5.0"

rc-textarea@^0.3.0, rc-textarea@~0.3.0:
  version "0.3.3"
  resolved "https://registry.yarnpkg.com/rc-textarea/-/rc-textarea-0.3.3.tgz#685101098508a65b1ba79720cdedb4ca8fe26da9"
  integrity sha512-DeieFudZ7Sh5y1+VSJzX3DXzuCaR1U0BBvWiUgxITjpPvzmWWPl9AwDkq5dbp2QeRWr5yPh7nTtuCM0cf5O1+w==
  dependencies:
    "@babel/runtime" "^7.10.1"
    classnames "^2.2.1"
    omit.js "^2.0.0"
    rc-resize-observer "^1.0.0"

rc-tooltip@^5.0.1, rc-tooltip@~5.0.0:
  version "5.0.1"
  resolved "https://registry.yarnpkg.com/rc-tooltip/-/rc-tooltip-5.0.1.tgz#b82c4259604d2cb62ca610ed7932dd37fc6ef61d"
  integrity sha512-3AnxhUS0j74xAV3khrKw8o6rg+Ima3nw09DJBezMPnX3ImQUAnayWsPSlN1mEnihjA43rcFkGM1emiKE+CXyMQ==
  dependencies:
    "@babel/runtime" "^7.11.2"
    rc-trigger "^5.0.0"

rc-tree-select@~4.3.0:
  version "4.3.0"
  resolved "https://registry.yarnpkg.com/rc-tree-select/-/rc-tree-select-4.3.0.tgz#714a4fe658aa73f2a7b0aa4bd6e43be63194a6ce"
  integrity sha512-EEXB9dKBsJNJuKIU5NERZsaJ71GDGIj5uWLl7A4XiYr2jXM4JICfScvvp3O5jHMDfhqmgpqNc0z90mHkgh3hKg==
  dependencies:
    "@babel/runtime" "^7.10.1"
    classnames "2.x"
    rc-select "^12.0.0"
    rc-tree "^4.0.0"
    rc-util "^5.0.5"

rc-tree@^4.0.0, rc-tree@~4.1.0:
  version "4.1.1"
  resolved "https://registry.yarnpkg.com/rc-tree/-/rc-tree-4.1.1.tgz#d40f418b31b75e61886e3969481df1444232c98b"
  integrity sha512-ufq7CkWfvTQa+xMPzEWYfOjTfsEALlPr0/IyujEG4+4d8NdaR3e+0dc8LkkVWoe1VCcXV2FQqAsgr2z/ThFUrQ==
  dependencies:
    "@babel/runtime" "^7.10.1"
    classnames "2.x"
    rc-motion "^2.0.1"
    rc-util "^5.0.0"
    rc-virtual-list "^3.0.1"

rc-trigger@^5.0.0, rc-trigger@^5.0.4, rc-trigger@^5.1.2:
  version "5.2.0"
  resolved "https://registry.yarnpkg.com/rc-trigger/-/rc-trigger-5.2.0.tgz#a17f1a5cba6b8faff62e658a5c9a21f97af2ef06"
  integrity sha512-fpC1ZkM/IgIIDfF6XHx3Hb2zXy9wvdI5eMh+6DdLygk6Z3HGmkri6ZCXg9a0wfF9AFuzlYTeBLS1uRASZRsnMQ==
  dependencies:
    "@babel/runtime" "^7.11.2"
    classnames "^2.2.6"
    rc-align "^4.0.0"
    rc-motion "^2.0.0"
    rc-util "^5.5.0"

rc-upload@~3.3.4:
  version "3.3.4"
  resolved "https://registry.yarnpkg.com/rc-upload/-/rc-upload-3.3.4.tgz#b0668d18661595c69c0621cec220fd116cc79952"
  integrity sha512-v2sirR4JL31UTHD/f0LGUdd+tpFaOVUTPeIEjAXRP9kRN8TFhqOgcXl5ixtyqj90FmtRUmKmafCv0EmhBQUHqQ==
  dependencies:
    "@babel/runtime" "^7.10.1"
    classnames "^2.2.5"
    rc-util "^5.2.0"

rc-util@^5.0.0, rc-util@^5.0.1, rc-util@^5.0.5, rc-util@^5.0.6, rc-util@^5.0.7, rc-util@^5.1.0, rc-util@^5.2.0, rc-util@^5.2.1, rc-util@^5.3.0, rc-util@^5.4.0, rc-util@^5.5.0, rc-util@^5.5.1:
  version "5.6.6"
  resolved "https://registry.yarnpkg.com/rc-util/-/rc-util-5.6.6.tgz#62632a8ab31dcc474d28eff9aa5c3ff2405e1146"
  integrity sha512-GLAqlODTuVu4V5dZpcDhM7i1pM0BCck2i5u1tW7PO0ZlmX385BhCJOWKqpJXvv4oh3rR5iC2zsJgb1B8hU5FJw==
  dependencies:
    "@babel/runtime" "^7.12.5"
    react-is "^16.12.0"
    shallowequal "^1.1.0"

rc-virtual-list@^3.0.1, rc-virtual-list@^3.2.0:
  version "3.2.4"
  resolved "https://registry.yarnpkg.com/rc-virtual-list/-/rc-virtual-list-3.2.4.tgz#53e918f89edda0db4d8fcc810757c0daac7928de"
  integrity sha512-/rX09+crUu43tltO5YT++Ix5W2unBrkVrH1FHaUzpc7VepWuxc2cD4d9enWOElJsziB6MlopaAUvbRSU5FtPNw==
  dependencies:
    classnames "^2.2.6"
    rc-resize-observer "^1.0.0"
    rc-util "^5.0.7"

"react-dom@link:../node_modules/react-dom":
  version "0.0.0"
  uid ""

react-draggable@^4.4.3:
  version "4.4.3"
  resolved "https://registry.yarnpkg.com/react-draggable/-/react-draggable-4.4.3.tgz#0727f2cae5813e36b0e4962bf11b2f9ef2b406f3"
  integrity sha512-jV4TE59MBuWm7gb6Ns3Q1mxX8Azffb7oTtDtBgFkxRvhDp38YAARmRplrj0+XGkhOJB5XziArX+4HUUABtyZ0w==
  dependencies:
    classnames "^2.2.5"
    prop-types "^15.6.0"

react-is@^16.12.0, react-is@^16.7.0, react-is@^16.8.1:
  version "16.13.1"
  resolved "https://registry.yarnpkg.com/react-is/-/react-is-16.13.1.tgz#789729a4dc36de2999dc156dd6c1d9c18cea56a4"
  integrity sha512-24e6ynE2H+OKt4kqsOvNd8kBpV65zoxbA4BVsEOB3ARVWQki/DHzaUoC5KuON/BiccDaCCTZBuOcfZs70kR8bQ==

"react-perspective-cropper@link:..":
  version "0.0.0"
  uid ""

"react-scripts@link:../node_modules/react-scripts":
  version "0.0.0"
  uid ""

"react@link:../node_modules/react":
  version "0.0.0"
  uid ""

regenerator-runtime@^0.13.4:
  version "0.13.7"
  resolved "https://registry.yarnpkg.com/regenerator-runtime/-/regenerator-runtime-0.13.7.tgz#cac2dacc8a1ea675feaabaeb8ae833898ae46f55"
  integrity sha512-a54FxoJDIr27pgf7IgeQGxmqUNYrcV338lf/6gH456HZ/PhX+5BcwHXG9ajESmwe6WRO0tAzRUrRmNONWgkrew==

resize-observer-polyfill@^1.5.0, resize-observer-polyfill@^1.5.1:
  version "1.5.1"
  resolved "https://registry.yarnpkg.com/resize-observer-polyfill/-/resize-observer-polyfill-1.5.1.tgz#0e9020dd3d21024458d4ebd27e23e40269810464"
  integrity sha512-LwZrotdHOo12nQuZlHEmtuXdqGoOD0OhaxopaNFxWzInpEgaLWoVuAMbTzixuosCx2nEG58ngzW3vxdWoxIgdg==

scroll-into-view-if-needed@^2.2.25:
  version "2.2.26"
  resolved "https://registry.yarnpkg.com/scroll-into-view-if-needed/-/scroll-into-view-if-needed-2.2.26.tgz#e4917da0c820135ff65ad6f7e4b7d7af568c4f13"
  integrity sha512-SQ6AOKfABaSchokAmmaxVnL9IArxEnLEX9j4wAZw+x4iUTb40q7irtHG3z4GtAWz5veVZcCnubXDBRyLVQaohw==
  dependencies:
    compute-scroll-into-view "^1.0.16"

shallowequal@^1.0.2, shallowequal@^1.1.0:
  version "1.1.0"
  resolved "https://registry.yarnpkg.com/shallowequal/-/shallowequal-1.1.0.tgz#188d521de95b9087404fd4dcb68b13df0ae4e7f8"
  integrity sha512-y0m1JoUZSlPAjXVtPPW70aZWfIL/dSP7AFkRnniLCrK/8MDKog3TySTBmckD+RObVxH0v4Tox67+F14PdED2oQ==

string-convert@^0.2.0:
  version "0.2.1"
  resolved "https://registry.yarnpkg.com/string-convert/-/string-convert-0.2.1.tgz#6982cc3049fbb4cd85f8b24568b9d9bf39eeff97"
  integrity sha1-aYLMMEn7tM2F+LJFaLnZvznu/5c=

toggle-selection@^1.0.6:
  version "1.0.6"
  resolved "https://registry.yarnpkg.com/toggle-selection/-/toggle-selection-1.0.6.tgz#6e45b1263f2017fa0acc7d89d78b15b8bf77da32"
  integrity sha1-bkWxJj8gF/oKzH2J14sVuL932jI=

warning@^4.0.1, warning@^4.0.3:
  version "4.0.3"
  resolved "https://registry.yarnpkg.com/warning/-/warning-4.0.3.tgz#16e9e077eb8a86d6af7d64aa1e05fd85b4678ca3"
  integrity sha512-rpJyN222KWIvHJ/F53XSZv0Zl/accqHR8et1kpaMTD/fLCRxtV8iX8czMzY7sVZupTI3zcUTg8eycS2kNF9l6w==
  dependencies:
    loose-envify "^1.0.0"
